
Microsoft Visual Studio Solution File, Format Version 12.00
# Visual Studio 2015
Project("{FAE04EC0-301F-11D3-BF4B-00C04F79EFBC}") = "Vehicles Fight.CSharp.Plugins", "Vehicles Fight.CSharp.Plugins.csproj", "{08AF7C43-F01D-E942-482D-29B2B4EC3280}"
EndProject
Project("{FAE04EC0-301F-11D3-BF4B-00C04F79EFBC}") = "Vehicles Fight.CSharp", "Vehicles Fight.CSharp.csproj", "{302C84F8-1169-736F-411F-B077F7443E20}"
EndProject
Project("{FAE04EC0-301F-11D3-BF4B-00C04F79EFBC}") = "Vehicles Fight.CSharp.Editor.Plugins", "Vehicles Fight.CSharp.Editor.Plugins.csproj", "{9A7637BD-FE65-75E2-6B3E-8D1055F6B7C9}"
EndProject
Project("{FAE04EC0-301F-11D3-BF4B-00C04F79EFBC}") = "Vehicles Fight.CSharp.Editor", "Vehicles Fight.CSharp.Editor.csproj", "{D03E5901-223A-98C0-4004-A1EE5E3EB2EA}"
EndProject
Global
	GlobalSection(SolutionConfigurationPlatforms) = preSolution
		Debug|Any CPU = Debug|Any CPU
		Release|Any CPU = Release|Any CPU
	EndGlobalSection
	GlobalSection(ProjectConfigurationPlatforms) = postSolution
		{08AF7C43-F01D-E942-482D-29B2B4EC3280}.Debug|Any CPU.ActiveCfg = Debug|Any CPU
		{08AF7C43-F01D-E942-482D-29B2B4EC3280}.Debug|Any CPU.Build.0 = Debug|Any CPU
		{08AF7C43-F01D-E942-482D-29B2B4EC3280}.Release|Any CPU.ActiveCfg = Release|Any CPU
		{08AF7C43-F01D-E942-482D-29B2B4EC3280}.Release|Any CPU.Build.0 = Release|Any CPU
		{302C84F8-1169-736F-411F-B077F7443E20}.Debug|Any CPU.ActiveCfg = Debug|Any CPU
		{302C84F8-1169-736F-411F-B077F7443E20}.Debug|Any CPU.Build.0 = Debug|Any CPU
		{302C84F8-1169-736F-411F-B077F7443E20}.Release|Any CPU.ActiveCfg = Release|Any CPU
		{302C84F8-1169-736F-411F-B077F7443E20}.Release|Any CPU.Build.0 = Release|Any CPU
		{9A7637BD-FE65-75E2-6B3E-8D1055F6B7C9}.Debug|Any CPU.ActiveCfg = Debug|Any CPU
		{9A7637BD-FE65-75E2-6B3E-8D1055F6B7C9}.Debug|Any CPU.Build.0 = Debug|Any CPU
		{9A7637BD-FE65-75E2-6B3E-8D1055F6B7C9}.Release|Any CPU.ActiveCfg = Release|Any CPU
		{9A7637BD-FE65-75E2-6B3E-8D1055F6B7C9}.Release|Any CPU.Build.0 = Release|Any CPU
		{D03E5901-223A-98C0-4004-A1EE5E3EB2EA}.Debug|Any CPU.ActiveCfg = Debug|Any CPU
		{D03E5901-223A-98C0-4004-A1EE5E3EB2EA}.Debug|Any CPU.Build.0 = Debug|Any CPU
		{D03E5901-223A-98C0-4004-A1EE5E3EB2EA}.Release|Any CPU.ActiveCfg = Release|Any CPU
		{D03E5901-223A-98C0-4004-A1EE5E3EB2EA}.Release|Any CPU.Build.0 = Release|Any CPU
	EndGlobalSection
	GlobalSection(SolutionProperties) = preSolution
		HideSolutionNode = FALSE
	EndGlobalSection
EndGlobal
